
Microsoft Visual Studio Solution File, Format Version 12.00
# Visual Studio Version 17
VisualStudioVersion = 17.12.35707.178
MinimumVisualStudioVersion = 10.0.40219.1
Project("{FAE04EC0-301F-11D3-BF4B-00C04F79EFBC}") = "Api-Gateway", "Api-Gateway\Api-Gateway.csproj", "{2D6E998F-0CA0-404B-B514-B1AF4DE9EF0C}"
	ProjectSection(ProjectDependencies) = postProject
		{A7F0543B-99BA-41F5-91A6-1E4E07B75B4A} = {A7F0543B-99BA-41F5-91A6-1E4E07B75B4A}
	EndProjectSection
EndProject
Project("{FAE04EC0-301F-11D3-BF4B-00C04F79EFBC}") = "User-Service", "User-Service\User-Service.csproj", "{A7F0543B-99BA-41F5-91A6-1E4E07B75B4A}"
EndProject
Project("{FAE04EC0-301F-11D3-BF4B-00C04F79EFBC}") = "Shared", "Shared\Shared.csproj", "{F4266A0C-C58F-47F9-B8D1-55F699CDDF99}"
EndProject
Global
	GlobalSection(SolutionConfigurationPlatforms) = preSolution
		Debug|Any CPU = Debug|Any CPU
		Release|Any CPU = Release|Any CPU
	EndGlobalSection
	GlobalSection(ProjectConfigurationPlatforms) = postSolution
		{2D6E998F-0CA0-404B-B514-B1AF4DE9EF0C}.Debug|Any CPU.ActiveCfg = Debug|Any CPU
		{2D6E998F-0CA0-404B-B514-B1AF4DE9EF0C}.Debug|Any CPU.Build.0 = Debug|Any CPU
		{2D6E998F-0CA0-404B-B514-B1AF4DE9EF0C}.Release|Any CPU.ActiveCfg = Release|Any CPU
		{2D6E998F-0CA0-404B-B514-B1AF4DE9EF0C}.Release|Any CPU.Build.0 = Release|Any CPU
		{A7F0543B-99BA-41F5-91A6-1E4E07B75B4A}.Debug|Any CPU.ActiveCfg = Debug|Any CPU
		{A7F0543B-99BA-41F5-91A6-1E4E07B75B4A}.Debug|Any CPU.Build.0 = Debug|Any CPU
		{A7F0543B-99BA-41F5-91A6-1E4E07B75B4A}.Release|Any CPU.ActiveCfg = Release|Any CPU
		{A7F0543B-99BA-41F5-91A6-1E4E07B75B4A}.Release|Any CPU.Build.0 = Release|Any CPU
		{F4266A0C-C58F-47F9-B8D1-55F699CDDF99}.Debug|Any CPU.ActiveCfg = Debug|Any CPU
		{F4266A0C-C58F-47F9-B8D1-55F699CDDF99}.Debug|Any CPU.Build.0 = Debug|Any CPU
		{F4266A0C-C58F-47F9-B8D1-55F699CDDF99}.Release|Any CPU.ActiveCfg = Release|Any CPU
		{F4266A0C-C58F-47F9-B8D1-55F699CDDF99}.Release|Any CPU.Build.0 = Release|Any CPU
	EndGlobalSection
	GlobalSection(SolutionProperties) = preSolution
		HideSolutionNode = FALSE
	EndGlobalSection
EndGlobal
